
Microsoft Visual Studio Solution File, Format Version 12.00
# Visual Studio 15
VisualStudioVersion = 15.0.27703.2000
MinimumVisualStudioVersion = 10.0.40219.1
Project("{FAE04EC0-301F-11D3-BF4B-00C04F79EFBC}") = "SqlLite.Android", "SqlLite\SqlLite.Android\SqlLite.Android.csproj", "{95525BB0-ECE7-4FC1-960B-3B3528C20DF1}"
EndProject
Project("{FAE04EC0-301F-11D3-BF4B-00C04F79EFBC}") = "SqlLite.iOS", "SqlLite\SqlLite.iOS\SqlLite.iOS.csproj", "{39FE41A9-AF11-4658-B2C7-73FE1B4F0071}"
EndProject
Project("{FAE04EC0-301F-11D3-BF4B-00C04F79EFBC}") = "SqlLite", "SqlLite\SqlLite\SqlLite.csproj", "{F6CA3F9D-9C36-4276-824B-1DFF76B50791}"
EndProject
Global
	GlobalSection(SolutionConfigurationPlatforms) = preSolution
		Ad-Hoc|Any CPU = Ad-Hoc|Any CPU
		Ad-Hoc|iPhone = Ad-Hoc|iPhone
		Ad-Hoc|iPhoneSimulator = Ad-Hoc|iPhoneSimulator
		AppStore|Any CPU = AppStore|Any CPU
		AppStore|iPhone = AppStore|iPhone
		AppStore|iPhoneSimulator = AppStore|iPhoneSimulator
		Debug|Any CPU = Debug|Any CPU
		Debug|iPhone = Debug|iPhone
		Debug|iPhoneSimulator = Debug|iPhoneSimulator
		Release|Any CPU = Release|Any CPU
		Release|iPhone = Release|iPhone
		Release|iPhoneSimulator = Release|iPhoneSimulator
	EndGlobalSection
	GlobalSection(ProjectConfigurationPlatforms) = postSolution
		{95525BB0-ECE7-4FC1-960B-3B3528C20DF1}.Ad-Hoc|Any CPU.ActiveCfg = Release|Any CPU
		{95525BB0-ECE7-4FC1-960B-3B3528C20DF1}.Ad-Hoc|Any CPU.Build.0 = Release|Any CPU
		{95525BB0-ECE7-4FC1-960B-3B3528C20DF1}.Ad-Hoc|Any CPU.Deploy.0 = Release|Any CPU
		{95525BB0-ECE7-4FC1-960B-3B3528C20DF1}.Ad-Hoc|iPhone.ActiveCfg = Release|Any CPU
		{95525BB0-ECE7-4FC1-960B-3B3528C20DF1}.Ad-Hoc|iPhone.Build.0 = Release|Any CPU
		{95525BB0-ECE7-4FC1-960B-3B3528C20DF1}.Ad-Hoc|iPhone.Deploy.0 = Release|Any CPU
		{95525BB0-ECE7-4FC1-960B-3B3528C20DF1}.Ad-Hoc|iPhoneSimulator.ActiveCfg = Release|Any CPU
		{95525BB0-ECE7-4FC1-960B-3B3528C20DF1}.Ad-Hoc|iPhoneSimulator.Build.0 = Release|Any CPU
		{95525BB0-ECE7-4FC1-960B-3B3528C20DF1}.Ad-Hoc|iPhoneSimulator.Deploy.0 = Release|Any CPU
		{95525BB0-ECE7-4FC1-960B-3B3528C20DF1}.AppStore|Any CPU.ActiveCfg = Release|Any CPU
		{95525BB0-ECE7-4FC1-960B-3B3528C20DF1}.AppStore|Any CPU.Build.0 = Release|Any CPU
		{95525BB0-ECE7-4FC1-960B-3B3528C20DF1}.AppStore|Any CPU.Deploy.0 = Release|Any CPU
		{95525BB0-ECE7-4FC1-960B-3B3528C20DF1}.AppStore|iPhone.ActiveCfg = Release|Any CPU
		{95525BB0-ECE7-4FC1-960B-3B3528C20DF1}.AppStore|iPhone.Build.0 = Release|Any CPU
		{95525BB0-ECE7-4FC1-960B-3B3528C20DF1}.AppStore|iPhone.Deploy.0 = Release|Any CPU
		{95525BB0-ECE7-4FC1-960B-3B3528C20DF1}.AppStore|iPhoneSimulator.ActiveCfg = Release|Any CPU
		{95525BB0-ECE7-4FC1-960B-3B3528C20DF1}.AppStore|iPhoneSimulator.Build.0 = Release|Any CPU
		{95525BB0-ECE7-4FC1-960B-3B3528C20DF1}.AppStore|iPhoneSimulator.Deploy.0 = Release|Any CPU
		{95525BB0-ECE7-4FC1-960B-3B3528C20DF1}.Debug|Any CPU.ActiveCfg = Debug|Any CPU
		{95525BB0-ECE7-4FC1-960B-3B3528C20DF1}.Debug|Any CPU.Build.0 = Debug|Any CPU
		{95525BB0-ECE7-4FC1-960B-3B3528C20DF1}.Debug|Any CPU.Deploy.0 = Debug|Any CPU
		{95525BB0-ECE7-4FC1-960B-3B3528C20DF1}.Debug|iPhone.ActiveCfg = Debug|Any CPU
		{95525BB0-ECE7-4FC1-960B-3B3528C20DF1}.Debug|iPhone.Build.0 = Debug|Any CPU
		{95525BB0-ECE7-4FC1-960B-3B3528C20DF1}.Debug|iPhone.Deploy.0 = Debug|Any CPU
		{95525BB0-ECE7-4FC1-960B-3B3528C20DF1}.Debug|iPhoneSimulator.ActiveCfg = Debug|Any CPU
		{95525BB0-ECE7-4FC1-960B-3B3528C20DF1}.Debug|iPhoneSimulator.Build.0 = Debug|Any CPU
		{95525BB0-ECE7-4FC1-960B-3B3528C20DF1}.Debug|iPhoneSimulator.Deploy.0 = Debug|Any CPU
		{95525BB0-ECE7-4FC1-960B-3B3528C20DF1}.Release|Any CPU.ActiveCfg = Release|Any CPU
		{95525BB0-ECE7-4FC1-960B-3B3528C20DF1}.Release|Any CPU.Build.0 = Release|Any CPU
		{95525BB0-ECE7-4FC1-960B-3B3528C20DF1}.Release|Any CPU.Deploy.0 = Release|Any CPU
		{95525BB0-ECE7-4FC1-960B-3B3528C20DF1}.Release|iPhone.ActiveCfg = Release|Any CPU
		{95525BB0-ECE7-4FC1-960B-3B3528C20DF1}.Release|iPhone.Build.0 = Release|Any CPU
		{95525BB0-ECE7-4FC1-960B-3B3528C20DF1}.Release|iPhone.Deploy.0 = Release|Any CPU
		{95525BB0-ECE7-4FC1-960B-3B3528C20DF1}.Release|iPhoneSimulator.ActiveCfg = Release|Any CPU
		{95525BB0-ECE7-4FC1-960B-3B3528C20DF1}.Release|iPhoneSimulator.Build.0 = Release|Any CPU
		{95525BB0-ECE7-4FC1-960B-3B3528C20DF1}.Release|iPhoneSimulator.Deploy.0 = Release|Any CPU
		{39FE41A9-AF11-4658-B2C7-73FE1B4F0071}.Ad-Hoc|Any CPU.ActiveCfg = Ad-Hoc|iPhone
		{39FE41A9-AF11-4658-B2C7-73FE1B4F0071}.Ad-Hoc|Any CPU.Build.0 = Ad-Hoc|iPhone
		{39FE41A9-AF11-4658-B2C7-73FE1B4F0071}.Ad-Hoc|Any CPU.Deploy.0 = Ad-Hoc|iPhone
		{39FE41A9-AF11-4658-B2C7-73FE1B4F0071}.Ad-Hoc|iPhone.ActiveCfg = Ad-Hoc|iPhone
		{39FE41A9-AF11-4658-B2C7-73FE1B4F0071}.Ad-Hoc|iPhone.Build.0 = Ad-Hoc|iPhone
		{39FE41A9-AF11-4658-B2C7-73FE1B4F0071}.Ad-Hoc|iPhone.Deploy.0 = Ad-Hoc|iPhone
		{39FE41A9-AF11-4658-B2C7-73FE1B4F0071}.Ad-Hoc|iPhoneSimulator.ActiveCfg = Ad-Hoc|iPhoneSimulator
		{39FE41A9-AF11-4658-B2C7-73FE1B4F0071}.Ad-Hoc|iPhoneSimulator.Build.0 = Ad-Hoc|iPhoneSimulator
		{39FE41A9-AF11-4658-B2C7-73FE1B4F0071}.Ad-Hoc|iPhoneSimulator.Deploy.0 = Ad-Hoc|iPhoneSimulator
		{39FE41A9-AF11-4658-B2C7-73FE1B4F0071}.AppStore|Any CPU.ActiveCfg = AppStore|iPhone
		{39FE41A9-AF11-4658-B2C7-73FE1B4F0071}.AppStore|Any CPU.Build.0 = AppStore|iPhone
		{39FE41A9-AF11-4658-B2C7-73FE1B4F0071}.AppStore|Any CPU.Deploy.0 = AppStore|iPhone
		{39FE41A9-AF11-4658-B2C7-73FE1B4F0071}.AppStore|iPhone.ActiveCfg = AppStore|iPhone
		{39FE41A9-AF11-4658-B2C7-73FE1B4F0071}.AppStore|iPhone.Build.0 = AppStore|iPhone
		{39FE41A9-AF11-4658-B2C7-73FE1B4F0071}.AppStore|iPhone.Deploy.0 = AppStore|iPhone
		{39FE41A9-AF11-4658-B2C7-73FE1B4F0071}.AppStore|iPhoneSimulator.ActiveCfg = AppStore|iPhoneSimulator
		{39FE41A9-AF11-4658-B2C7-73FE1B4F0071}.AppStore|iPhoneSimulator.Build.0 = AppStore|iPhoneSimulator
		{39FE41A9-AF11-4658-B2C7-73FE1B4F0071}.AppStore|iPhoneSimulator.Deploy.0 = AppStore|iPhoneSimulator
		{39FE41A9-AF11-4658-B2C7-73FE1B4F0071}.Debug|Any CPU.ActiveCfg = Debug|iPhoneSimulator
		{39FE41A9-AF11-4658-B2C7-73FE1B4F0071}.Debug|Any CPU.Build.0 = Debug|iPhoneSimulator
		{39FE41A9-AF11-4658-B2C7-73FE1B4F0071}.Debug|Any CPU.Deploy.0 = Debug|iPhoneSimulator
		{39FE41A9-AF11-4658-B2C7-73FE1B4F0071}.Debug|iPhone.ActiveCfg = Debug|iPhone
		{39FE41A9-AF11-4658-B2C7-73FE1B4F0071}.Debug|iPhone.Build.0 = Debug|iPhone
		{39FE41A9-AF11-4658-B2C7-73FE1B4F0071}.Debug|iPhone.Deploy.0 = Debug|iPhone
		{39FE41A9-AF11-4658-B2C7-73FE1B4F0071}.Debug|iPhoneSimulator.ActiveCfg = Debug|iPhoneSimulator
		{39FE41A9-AF11-4658-B2C7-73FE1B4F0071}.Debug|iPhoneSimulator.Build.0 = Debug|iPhoneSimulator
		{39FE41A9-AF11-4658-B2C7-73FE1B4F0071}.Debug|iPhoneSimulator.Deploy.0 = Debug|iPhoneSimulator
		{39FE41A9-AF11-4658-B2C7-73FE1B4F0071}.Release|Any CPU.ActiveCfg = Release|iPhone
		{39FE41A9-AF11-4658-B2C7-73FE1B4F0071}.Release|Any CPU.Build.0 = Release|iPhone
		{39FE41A9-AF11-4658-B2C7-73FE1B4F0071}.Release|Any CPU.Deploy.0 = Release|iPhone
		{39FE41A9-AF11-4658-B2C7-73FE1B4F0071}.Release|iPhone.ActiveCfg = Release|iPhone
		{39FE41A9-AF11-4658-B2C7-73FE1B4F0071}.Release|iPhone.Build.0 = Release|iPhone
		{39FE41A9-AF11-4658-B2C7-73FE1B4F0071}.Release|iPhone.Deploy.0 = Release|iPhone
		{39FE41A9-AF11-4658-B2C7-73FE1B4F0071}.Release|iPhoneSimulator.ActiveCfg = Release|iPhoneSimulator
		{39FE41A9-AF11-4658-B2C7-73FE1B4F0071}.Release|iPhoneSimulator.Build.0 = Release|iPhoneSimulator
		{39FE41A9-AF11-4658-B2C7-73FE1B4F0071}.Release|iPhoneSimulator.Deploy.0 = Release|iPhoneSimulator
		{F6CA3F9D-9C36-4276-824B-1DFF76B50791}.Ad-Hoc|Any CPU.ActiveCfg = Debug|Any CPU
		{F6CA3F9D-9C36-4276-824B-1DFF76B50791}.Ad-Hoc|Any CPU.Build.0 = Debug|Any CPU
		{F6CA3F9D-9C36-4276-824B-1DFF76B50791}.Ad-Hoc|Any CPU.Deploy.0 = Debug|Any CPU
		{F6CA3F9D-9C36-4276-824B-1DFF76B50791}.Ad-Hoc|iPhone.ActiveCfg = Debug|Any CPU
		{F6CA3F9D-9C36-4276-824B-1DFF76B50791}.Ad-Hoc|iPhone.Build.0 = Debug|Any CPU
		{F6CA3F9D-9C36-4276-824B-1DFF76B50791}.Ad-Hoc|iPhone.Deploy.0 = Debug|Any CPU
		{F6CA3F9D-9C36-4276-824B-1DFF76B50791}.Ad-Hoc|iPhoneSimulator.ActiveCfg = Debug|Any CPU
		{F6CA3F9D-9C36-4276-824B-1DFF76B50791}.Ad-Hoc|iPhoneSimulator.Build.0 = Debug|Any CPU
		{F6CA3F9D-9C36-4276-824B-1DFF76B50791}.Ad-Hoc|iPhoneSimulator.Deploy.0 = Debug|Any CPU
		{F6CA3F9D-9C36-4276-824B-1DFF76B50791}.AppStore|Any CPU.ActiveCfg = Debug|Any CPU
		{F6CA3F9D-9C36-4276-824B-1DFF76B50791}.AppStore|Any CPU.Build.0 = Debug|Any CPU
		{F6CA3F9D-9C36-4276-824B-1DFF76B50791}.AppStore|Any CPU.Deploy.0 = Debug|Any CPU
		{F6CA3F9D-9C36-4276-824B-1DFF76B50791}.AppStore|iPhone.ActiveCfg = Debug|Any CPU
		{F6CA3F9D-9C36-4276-824B-1DFF76B50791}.AppStore|iPhone.Build.0 = Debug|Any CPU
		{F6CA3F9D-9C36-4276-824B-1DFF76B50791}.AppStore|iPhone.Deploy.0 = Debug|Any CPU
		{F6CA3F9D-9C36-4276-824B-1DFF76B50791}.AppStore|iPhoneSimulator.ActiveCfg = Debug|Any CPU
		{F6CA3F9D-9C36-4276-824B-1DFF76B50791}.AppStore|iPhoneSimulator.Build.0 = Debug|Any CPU
		{F6CA3F9D-9C36-4276-824B-1DFF76B50791}.AppStore|iPhoneSimulator.Deploy.0 = Debug|Any CPU
		{F6CA3F9D-9C36-4276-824B-1DFF76B50791}.Debug|Any CPU.ActiveCfg = Debug|Any CPU
		{F6CA3F9D-9C36-4276-824B-1DFF76B50791}.Debug|Any CPU.Build.0 = Debug|Any CPU
		{F6CA3F9D-9C36-4276-824B-1DFF76B50791}.Debug|Any CPU.Deploy.0 = Debug|Any CPU
		{F6CA3F9D-9C36-4276-824B-1DFF76B50791}.Debug|iPhone.ActiveCfg = Debug|Any CPU
		{F6CA3F9D-9C36-4276-824B-1DFF76B50791}.Debug|iPhone.Build.0 = Debug|Any CPU
		{F6CA3F9D-9C36-4276-824B-1DFF76B50791}.Debug|iPhone.Deploy.0 = Debug|Any CPU
		{F6CA3F9D-9C36-4276-824B-1DFF76B50791}.Debug|iPhoneSimulator.ActiveCfg = Debug|Any CPU
		{F6CA3F9D-9C36-4276-824B-1DFF76B50791}.Debug|iPhoneSimulator.Build.0 = Debug|Any CPU
		{F6CA3F9D-9C36-4276-824B-1DFF76B50791}.Debug|iPhoneSimulator.Deploy.0 = Debug|Any CPU
		{F6CA3F9D-9C36-4276-824B-1DFF76B50791}.Release|Any CPU.ActiveCfg = Release|Any CPU
		{F6CA3F9D-9C36-4276-824B-1DFF76B50791}.Release|Any CPU.Build.0 = Release|Any CPU
		{F6CA3F9D-9C36-4276-824B-1DFF76B50791}.Release|Any CPU.Deploy.0 = Release|Any CPU
		{F6CA3F9D-9C36-4276-824B-1DFF76B50791}.Release|iPhone.ActiveCfg = Release|Any CPU
		{F6CA3F9D-9C36-4276-824B-1DFF76B50791}.Release|iPhone.Build.0 = Release|Any CPU
		{F6CA3F9D-9C36-4276-824B-1DFF76B50791}.Release|iPhone.Deploy.0 = Release|Any CPU
		{F6CA3F9D-9C36-4276-824B-1DFF76B50791}.Release|iPhoneSimulator.ActiveCfg = Release|Any CPU
		{F6CA3F9D-9C36-4276-824B-1DFF76B50791}.Release|iPhoneSimulator.Build.0 = Release|Any CPU
		{F6CA3F9D-9C36-4276-824B-1DFF76B50791}.Release|iPhoneSimulator.Deploy.0 = Release|Any CPU
	EndGlobalSection
	GlobalSection(SolutionProperties) = preSolution
		HideSolutionNode = FALSE
	EndGlobalSection
	GlobalSection(ExtensibilityGlobals) = postSolution
		SolutionGuid = {C3C2AC20-3B72-4F3B-B3FB-E0D221C47017}
	EndGlobalSection
EndGlobal
